
Microsoft Visual Studio Solution File, Format Version 12.00
# Visual Studio Version 17
VisualStudioVersion = 17.1.32414.318
MinimumVisualStudioVersion = 15.0.26124.0
Project("{9A19103F-16F7-4668-BE54-9A1E7A4F7556}") = "WmsHub.Common", "WmsHub.Common\WmsHub.Common.csproj", "{952CED62-FFA7-4420-9DB7-6B73145A3777}"
EndProject
Project("{9A19103F-16F7-4668-BE54-9A1E7A4F7556}") = "WmsHub.Common.Tests", "Tests\WmsHub.Common.Tests\WmsHub.Common.Tests.csproj", "{DB197C5C-66E4-4F1D-9109-0E792164AEE9}"
EndProject
Project("{9A19103F-16F7-4668-BE54-9A1E7A4F7556}") = "WmsHub.Business", "WmsHub.Business\WmsHub.Business.csproj", "{E1B23353-87C7-4525-9E30-4F94B1AA9110}"
EndProject
Project("{9A19103F-16F7-4668-BE54-9A1E7A4F7556}") = "WmsHub.ChatBot.Api", "WmsHub.ChatBot.Api\WmsHub.ChatBot.Api.csproj", "{ECDEBF10-CFC2-44A1-9B05-05CCE4B32097}"
EndProject
Project("{9A19103F-16F7-4668-BE54-9A1E7A4F7556}") = "WmsHub.ChatBot.Api.Tests", "Tests\WmsHub.ChatBot.Api.Tests\WmsHub.ChatBot.Api.Tests.csproj", "{F29ADBA9-EBA5-4D7C-ACBD-A93125561E1F}"
EndProject
Project("{9A19103F-16F7-4668-BE54-9A1E7A4F7556}") = "WmsHub.Common.Api", "WmsHub.Common.Api\WmsHub.Common.Api.csproj", "{4DC159A9-9E4D-4CC1-9261-555DDE22F7EC}"
EndProject
Project("{9A19103F-16F7-4668-BE54-9A1E7A4F7556}") = "WmsHub.Common.Api.Tests", "Tests\WmsHub.Common.Api.Tests\WmsHub.Common.Api.Tests.csproj", "{282A1B38-8DF7-4D86-9010-F43686F223EE}"
EndProject
Project("{2150E333-8FDC-42A3-9474-1A3956D46DE8}") = "Tests", "Tests", "{91C96821-2F8D-44EC-9979-433BCE3D29DA}"
EndProject
Project("{2150E333-8FDC-42A3-9474-1A3956D46DE8}") = "Solution Items", "Solution Items", "{D2C6719A-5758-41A9-B695-1177F20FBA5F}"
	ProjectSection(SolutionItems) = preProject
		.editorconfig = .editorconfig
		.gitignore = .gitignore
		Build-Pipeline-Pr-Master.yml = Build-Pipeline-Pr-Master.yml
		Build-Pipeline-Production-ReferralServiceConsole.yml = Build-Pipeline-Production-ReferralServiceConsole.yml
		Build-Pipeline-Production-SqlScript.yml = Build-Pipeline-Production-SqlScript.yml
		Build-Pipeline-Production.yml = Build-Pipeline-Production.yml
		Build-Pipeline-Staging-ReferralServiceConsole.yml = Build-Pipeline-Staging-ReferralServiceConsole.yml
		Build-Pipeline-Staging-SqlScript.yml = Build-Pipeline-Staging-SqlScript.yml
		Build-Pipeline-Staging.yml = Build-Pipeline-Staging.yml
		Check_code_for_lines_gt_80_chars.ps1 = Check_code_for_lines_gt_80_chars.ps1
		Delete_Bin_Obj_Logs_Folders.ps1 = Delete_Bin_Obj_Logs_Folders.ps1
		Extract_WmsHub_System_Environment_Variables.ps1 = Extract_WmsHub_System_Environment_Variables.ps1
		nuget.config = nuget.config
		Readme.md = Readme.md
	EndProjectSection
EndProject
Project("{9A19103F-16F7-4668-BE54-9A1E7A4F7556}") = "WmsHub.Referral.Api", "WmsHub.Referral.Api\WmsHub.Referral.Api.csproj", "{291E6E1A-345C-43D8-99EB-EA2FBE80B7E8}"
EndProject
Project("{9A19103F-16F7-4668-BE54-9A1E7A4F7556}") = "WmsHub.Referral.Api.Tests", "tests\WmsHub.Referral.Api.Tests\WmsHub.Referral.Api.Tests.csproj", "{6288B0FC-C9AC-44B0-B318-85AA11CDE3A9}"
EndProject
Project("{9A19103F-16F7-4668-BE54-9A1E7A4F7556}") = "WmsHub.Utilities", "WmsHub.Utilities\WmsHub.Utilities.csproj", "{708837B5-2247-400B-82C3-6764EA5EB430}"
EndProject
Project("{9A19103F-16F7-4668-BE54-9A1E7A4F7556}") = "WmsHub.Provider.Api", "WmsHub.Provider.Api\WmsHub.Provider.Api.csproj", "{A0D23EA8-B25C-4594-835D-444A9F8A50BD}"
EndProject
Project("{9A19103F-16F7-4668-BE54-9A1E7A4F7556}") = "WmsHub.TextMessage.Api.Tests", "Tests\WmsHub.TextMessage.Api.Tests\WmsHub.TextMessage.Api.Tests.csproj", "{E2EF1F23-81BF-420E-9402-11623DAB8A85}"
EndProject
Project("{9A19103F-16F7-4668-BE54-9A1E7A4F7556}") = "WmsHub.TextMessage.Api", "WmsHub.TextMessage.Api\WmsHub.TextMessage.Api.csproj", "{2C9DE810-B3F1-4894-B018-A0B7FE0DDA8A}"
EndProject
Project("{9A19103F-16F7-4668-BE54-9A1E7A4F7556}") = "WmsHub.BusinessIntelligence.Api", "WmsHub.BusinessIntelligence.Api\WmsHub.BusinessIntelligence.Api.csproj", "{E4556DF7-510A-41A8-B74F-E3E3740E2288}"
EndProject
Project("{9A19103F-16F7-4668-BE54-9A1E7A4F7556}") = "WmsHub.BusinessIntelligence.Api.Tests", "Tests\WmsHub.BusinessIntelligence.Api.Tests\WmsHub.BusinessIntelligence.Api.Tests.csproj", "{77348C58-12F3-41C7-B781-A0F7F0EF4AD0}"
EndProject
Project("{9A19103F-16F7-4668-BE54-9A1E7A4F7556}") = "WmsHub.Business.Tests", "Tests\WmsHub.Business.Tests\WmsHub.Business.Tests.csproj", "{7FE4D418-9BAE-4F5B-8031-E73F14AD6C53}"
EndProject
Project("{9A19103F-16F7-4668-BE54-9A1E7A4F7556}") = "WmsHub.Tests.Helper", "Tests\WmsHub.Tests.Helper\WmsHub.Tests.Helper.csproj", "{765F2CF9-A103-4642-A4DA-4985E655FD61}"
EndProject
Project("{9A19103F-16F7-4668-BE54-9A1E7A4F7556}") = "IdentityAgentApi", "IdentityAgentApi\IdentityAgentApi.csproj", "{F2C0F92C-E54C-4C71-8DBD-357A507BB084}"
EndProject
Project("{9A19103F-16F7-4668-BE54-9A1E7A4F7556}") = "IdentityAgentApi.Console", "IdentityAgentApi.Console\IdentityAgentApi.Console.csproj", "{A959E98D-33BA-4CB0-BBAE-41137BBE619B}"
EndProject
Project("{9A19103F-16F7-4668-BE54-9A1E7A4F7556}") = "WmsHub.ReferralsService.Pdf", "WmsHub.ReferralsService.Pdf\WmsHub.ReferralsService.Pdf.csproj", "{37A95F5A-D745-4DD8-BE6E-D9F9DA294A1D}"
EndProject
Project("{9A19103F-16F7-4668-BE54-9A1E7A4F7556}") = "WmsHub.ReferralsService", "WmsHub.ReferralsService\WmsHub.ReferralsService.csproj", "{69ECAB19-4F6B-4BC0-94FE-FB8C277671EC}"
EndProject
Project("{9A19103F-16F7-4668-BE54-9A1E7A4F7556}") = "WmsHub.ReferralsService.Console", "WmsHub.ReferralsService.Console\WmsHub.ReferralsService.Console.csproj", "{FB7B317C-2D4F-421D-9380-72BF49773D68}"
EndProject
Project("{9A19103F-16F7-4668-BE54-9A1E7A4F7556}") = "WmsHub.Ui", "WmsHub.Ui\WmsHub.Ui.csproj", "{DC082C73-6D40-4B47-B3D7-CE6E0B406C82}"
EndProject
Project("{9A19103F-16F7-4668-BE54-9A1E7A4F7556}") = "WmsHub.ReferralService.Interop", "WmsHub.ReferralService.Interop\WmsHub.ReferralService.Interop.csproj", "{BD451349-3CA1-4918-9A79-86EA94E9D18C}"
EndProject
Project("{9A19103F-16F7-4668-BE54-9A1E7A4F7556}") = "WmsHub.Ui.Tests", "Tests\WmsHub.Ui.Tests\WmsHub.Ui.Tests.csproj", "{CEE910A8-B7B5-4135-AAC6-8A8B28BE7133}"
EndProject
Project("{9A19103F-16F7-4668-BE54-9A1E7A4F7556}") = "IdentityAgent.Api.Tests", "Tests\IdentityAgent.Api.Tests\IdentityAgent.Api.Tests.csproj", "{4F2B39CC-4B77-42CD-994D-60AF46D30633}"
EndProject
Project("{9A19103F-16F7-4668-BE54-9A1E7A4F7556}") = "WmsHub.Provider.Api.Tests", "Tests\WmsHub.Provider.Api.Tests\WmsHub.Provider.Api.Tests.csproj", "{9FB482F1-558A-4EC7-BE1F-9F3586215ABA}"
EndProject
Project("{9A19103F-16F7-4668-BE54-9A1E7A4F7556}") = "WmsHub.ReferralsService.Tests", "Tests\WmsHub.ReferralsService.Tests\WmsHub.ReferralsService.Tests.csproj", "{78502083-BEE0-4531-851A-37D653ABCCFD}"
EndProject
Project("{FAE04EC0-301F-11D3-BF4B-00C04F79EFBC}") = "WmsHub.ReferralsService.SmartCard", "WmsHub.ReferralsService.SmartCard\WmsHub.ReferralsService.SmartCard.csproj", "{5E17379B-67BC-443E-9B1F-83F398B487A7}"
EndProject
Project("{9A19103F-16F7-4668-BE54-9A1E7A4F7556}") = "WmsHub.AzureFunction.SqlMaintenance", "WmsHub.AzureFunction.SqlMaintenance\WmsHub.AzureFunction.SqlMaintenance.csproj", "{8E77D8E9-31B5-4C66-85AD-1A098FF08E1A}"
EndProject
Global
	GlobalSection(SolutionConfigurationPlatforms) = preSolution
		Debug|Any CPU = Debug|Any CPU
		Debug|x64 = Debug|x64
		Debug|x86 = Debug|x86
		DebugNoAE|Any CPU = DebugNoAE|Any CPU
		DebugNoAE|x64 = DebugNoAE|x64
		DebugNoAE|x86 = DebugNoAE|x86
		Release|Any CPU = Release|Any CPU
		Release|x64 = Release|x64
		Release|x86 = Release|x86
	EndGlobalSection
	GlobalSection(ProjectConfigurationPlatforms) = postSolution
		{952CED62-FFA7-4420-9DB7-6B73145A3777}.Debug|Any CPU.ActiveCfg = Debug|Any CPU
		{952CED62-FFA7-4420-9DB7-6B73145A3777}.Debug|Any CPU.Build.0 = Debug|Any CPU
		{952CED62-FFA7-4420-9DB7-6B73145A3777}.Debug|x64.ActiveCfg = Debug|Any CPU
		{952CED62-FFA7-4420-9DB7-6B73145A3777}.Debug|x64.Build.0 = Debug|Any CPU
		{952CED62-FFA7-4420-9DB7-6B73145A3777}.Debug|x86.ActiveCfg = Debug|Any CPU
		{952CED62-FFA7-4420-9DB7-6B73145A3777}.Debug|x86.Build.0 = Debug|Any CPU
		{952CED62-FFA7-4420-9DB7-6B73145A3777}.DebugNoAE|Any CPU.ActiveCfg = DebugNoAE|Any CPU
		{952CED62-FFA7-4420-9DB7-6B73145A3777}.DebugNoAE|Any CPU.Build.0 = DebugNoAE|Any CPU
		{952CED62-FFA7-4420-9DB7-6B73145A3777}.DebugNoAE|x64.ActiveCfg = DebugNoAE|Any CPU
		{952CED62-FFA7-4420-9DB7-6B73145A3777}.DebugNoAE|x64.Build.0 = DebugNoAE|Any CPU
		{952CED62-FFA7-4420-9DB7-6B73145A3777}.DebugNoAE|x86.ActiveCfg = DebugNoAE|Any CPU
		{952CED62-FFA7-4420-9DB7-6B73145A3777}.DebugNoAE|x86.Build.0 = DebugNoAE|Any CPU
		{952CED62-FFA7-4420-9DB7-6B73145A3777}.Release|Any CPU.ActiveCfg = Release|Any CPU
		{952CED62-FFA7-4420-9DB7-6B73145A3777}.Release|Any CPU.Build.0 = Release|Any CPU
		{952CED62-FFA7-4420-9DB7-6B73145A3777}.Release|x64.ActiveCfg = Release|Any CPU
		{952CED62-FFA7-4420-9DB7-6B73145A3777}.Release|x64.Build.0 = Release|Any CPU
		{952CED62-FFA7-4420-9DB7-6B73145A3777}.Release|x86.ActiveCfg = Release|Any CPU
		{952CED62-FFA7-4420-9DB7-6B73145A3777}.Release|x86.Build.0 = Release|Any CPU
		{DB197C5C-66E4-4F1D-9109-0E792164AEE9}.Debug|Any CPU.ActiveCfg = Debug|Any CPU
		{DB197C5C-66E4-4F1D-9109-0E792164AEE9}.Debug|Any CPU.Build.0 = Debug|Any CPU
		{DB197C5C-66E4-4F1D-9109-0E792164AEE9}.Debug|x64.ActiveCfg = Debug|Any CPU
		{DB197C5C-66E4-4F1D-9109-0E792164AEE9}.Debug|x64.Build.0 = Debug|Any CPU
		{DB197C5C-66E4-4F1D-9109-0E792164AEE9}.Debug|x86.ActiveCfg = Debug|Any CPU
		{DB197C5C-66E4-4F1D-9109-0E792164AEE9}.Debug|x86.Build.0 = Debug|Any CPU
		{DB197C5C-66E4-4F1D-9109-0E792164AEE9}.DebugNoAE|Any CPU.ActiveCfg = DebugNoAE|Any CPU
		{DB197C5C-66E4-4F1D-9109-0E792164AEE9}.DebugNoAE|Any CPU.Build.0 = DebugNoAE|Any CPU
		{DB197C5C-66E4-4F1D-9109-0E792164AEE9}.DebugNoAE|x64.ActiveCfg = DebugNoAE|Any CPU
		{DB197C5C-66E4-4F1D-9109-0E792164AEE9}.DebugNoAE|x64.Build.0 = DebugNoAE|Any CPU
		{DB197C5C-66E4-4F1D-9109-0E792164AEE9}.DebugNoAE|x86.ActiveCfg = DebugNoAE|Any CPU
		{DB197C5C-66E4-4F1D-9109-0E792164AEE9}.DebugNoAE|x86.Build.0 = DebugNoAE|Any CPU
		{DB197C5C-66E4-4F1D-9109-0E792164AEE9}.Release|Any CPU.ActiveCfg = Release|Any CPU
		{DB197C5C-66E4-4F1D-9109-0E792164AEE9}.Release|Any CPU.Build.0 = Release|Any CPU
		{DB197C5C-66E4-4F1D-9109-0E792164AEE9}.Release|x64.ActiveCfg = Release|Any CPU
		{DB197C5C-66E4-4F1D-9109-0E792164AEE9}.Release|x64.Build.0 = Release|Any CPU
		{DB197C5C-66E4-4F1D-9109-0E792164AEE9}.Release|x86.ActiveCfg = Release|Any CPU
		{DB197C5C-66E4-4F1D-9109-0E792164AEE9}.Release|x86.Build.0 = Release|Any CPU
		{E1B23353-87C7-4525-9E30-4F94B1AA9110}.Debug|Any CPU.ActiveCfg = Debug|Any CPU
		{E1B23353-87C7-4525-9E30-4F94B1AA9110}.Debug|Any CPU.Build.0 = Debug|Any CPU
		{E1B23353-87C7-4525-9E30-4F94B1AA9110}.Debug|x64.ActiveCfg = Debug|Any CPU
		{E1B23353-87C7-4525-9E30-4F94B1AA9110}.Debug|x64.Build.0 = Debug|Any CPU
		{E1B23353-87C7-4525-9E30-4F94B1AA9110}.Debug|x86.ActiveCfg = Debug|Any CPU
		{E1B23353-87C7-4525-9E30-4F94B1AA9110}.Debug|x86.Build.0 = Debug|Any CPU
		{E1B23353-87C7-4525-9E30-4F94B1AA9110}.DebugNoAE|Any CPU.ActiveCfg = DebugNoAE|Any CPU
		{E1B23353-87C7-4525-9E30-4F94B1AA9110}.DebugNoAE|Any CPU.Build.0 = DebugNoAE|Any CPU
		{E1B23353-87C7-4525-9E30-4F94B1AA9110}.DebugNoAE|x64.ActiveCfg = DebugNoAE|Any CPU
		{E1B23353-87C7-4525-9E30-4F94B1AA9110}.DebugNoAE|x64.Build.0 = DebugNoAE|Any CPU
		{E1B23353-87C7-4525-9E30-4F94B1AA9110}.DebugNoAE|x86.ActiveCfg = DebugNoAE|Any CPU
		{E1B23353-87C7-4525-9E30-4F94B1AA9110}.DebugNoAE|x86.Build.0 = DebugNoAE|Any CPU
		{E1B23353-87C7-4525-9E30-4F94B1AA9110}.Release|Any CPU.ActiveCfg = Release|Any CPU
		{E1B23353-87C7-4525-9E30-4F94B1AA9110}.Release|Any CPU.Build.0 = Release|Any CPU
		{E1B23353-87C7-4525-9E30-4F94B1AA9110}.Release|x64.ActiveCfg = Release|Any CPU
		{E1B23353-87C7-4525-9E30-4F94B1AA9110}.Release|x64.Build.0 = Release|Any CPU
		{E1B23353-87C7-4525-9E30-4F94B1AA9110}.Release|x86.ActiveCfg = Release|Any CPU
		{E1B23353-87C7-4525-9E30-4F94B1AA9110}.Release|x86.Build.0 = Release|Any CPU
		{ECDEBF10-CFC2-44A1-9B05-05CCE4B32097}.Debug|Any CPU.ActiveCfg = Debug|Any CPU
		{ECDEBF10-CFC2-44A1-9B05-05CCE4B32097}.Debug|Any CPU.Build.0 = Debug|Any CPU
		{ECDEBF10-CFC2-44A1-9B05-05CCE4B32097}.Debug|x64.ActiveCfg = Debug|Any CPU
		{ECDEBF10-CFC2-44A1-9B05-05CCE4B32097}.Debug|x64.Build.0 = Debug|Any CPU
		{ECDEBF10-CFC2-44A1-9B05-05CCE4B32097}.Debug|x86.ActiveCfg = Debug|Any CPU
		{ECDEBF10-CFC2-44A1-9B05-05CCE4B32097}.Debug|x86.Build.0 = Debug|Any CPU
		{ECDEBF10-CFC2-44A1-9B05-05CCE4B32097}.DebugNoAE|Any CPU.ActiveCfg = DebugNoAE|Any CPU
		{ECDEBF10-CFC2-44A1-9B05-05CCE4B32097}.DebugNoAE|Any CPU.Build.0 = DebugNoAE|Any CPU
		{ECDEBF10-CFC2-44A1-9B05-05CCE4B32097}.DebugNoAE|x64.ActiveCfg = DebugNoAE|Any CPU
		{ECDEBF10-CFC2-44A1-9B05-05CCE4B32097}.DebugNoAE|x64.Build.0 = DebugNoAE|Any CPU
		{ECDEBF10-CFC2-44A1-9B05-05CCE4B32097}.DebugNoAE|x86.ActiveCfg = DebugNoAE|Any CPU
		{ECDEBF10-CFC2-44A1-9B05-05CCE4B32097}.DebugNoAE|x86.Build.0 = DebugNoAE|Any CPU
		{ECDEBF10-CFC2-44A1-9B05-05CCE4B32097}.Release|Any CPU.ActiveCfg = Release|Any CPU
		{ECDEBF10-CFC2-44A1-9B05-05CCE4B32097}.Release|Any CPU.Build.0 = Release|Any CPU
		{ECDEBF10-CFC2-44A1-9B05-05CCE4B32097}.Release|x64.ActiveCfg = Release|Any CPU
		{ECDEBF10-CFC2-44A1-9B05-05CCE4B32097}.Release|x64.Build.0 = Release|Any CPU
		{ECDEBF10-CFC2-44A1-9B05-05CCE4B32097}.Release|x86.ActiveCfg = Release|Any CPU
		{ECDEBF10-CFC2-44A1-9B05-05CCE4B32097}.Release|x86.Build.0 = Release|Any CPU
		{F29ADBA9-EBA5-4D7C-ACBD-A93125561E1F}.Debug|Any CPU.ActiveCfg = Debug|Any CPU
		{F29ADBA9-EBA5-4D7C-ACBD-A93125561E1F}.Debug|Any CPU.Build.0 = Debug|Any CPU
		{F29ADBA9-EBA5-4D7C-ACBD-A93125561E1F}.Debug|x64.ActiveCfg = Debug|Any CPU
		{F29ADBA9-EBA5-4D7C-ACBD-A93125561E1F}.Debug|x64.Build.0 = Debug|Any CPU
		{F29ADBA9-EBA5-4D7C-ACBD-A93125561E1F}.Debug|x86.ActiveCfg = Debug|Any CPU
		{F29ADBA9-EBA5-4D7C-ACBD-A93125561E1F}.Debug|x86.Build.0 = Debug|Any CPU
		{F29ADBA9-EBA5-4D7C-ACBD-A93125561E1F}.DebugNoAE|Any CPU.ActiveCfg = DebugNoAE|Any CPU
		{F29ADBA9-EBA5-4D7C-ACBD-A93125561E1F}.DebugNoAE|Any CPU.Build.0 = DebugNoAE|Any CPU
		{F29ADBA9-EBA5-4D7C-ACBD-A93125561E1F}.DebugNoAE|x64.ActiveCfg = DebugNoAE|Any CPU
		{F29ADBA9-EBA5-4D7C-ACBD-A93125561E1F}.DebugNoAE|x64.Build.0 = DebugNoAE|Any CPU
		{F29ADBA9-EBA5-4D7C-ACBD-A93125561E1F}.DebugNoAE|x86.ActiveCfg = DebugNoAE|Any CPU
		{F29ADBA9-EBA5-4D7C-ACBD-A93125561E1F}.DebugNoAE|x86.Build.0 = DebugNoAE|Any CPU
		{F29ADBA9-EBA5-4D7C-ACBD-A93125561E1F}.Release|Any CPU.ActiveCfg = Release|Any CPU
		{F29ADBA9-EBA5-4D7C-ACBD-A93125561E1F}.Release|Any CPU.Build.0 = Release|Any CPU
		{F29ADBA9-EBA5-4D7C-ACBD-A93125561E1F}.Release|x64.ActiveCfg = Release|Any CPU
		{F29ADBA9-EBA5-4D7C-ACBD-A93125561E1F}.Release|x64.Build.0 = Release|Any CPU
		{F29ADBA9-EBA5-4D7C-ACBD-A93125561E1F}.Release|x86.ActiveCfg = Release|Any CPU
		{F29ADBA9-EBA5-4D7C-ACBD-A93125561E1F}.Release|x86.Build.0 = Release|Any CPU
		{4DC159A9-9E4D-4CC1-9261-555DDE22F7EC}.Debug|Any CPU.ActiveCfg = Debug|Any CPU
		{4DC159A9-9E4D-4CC1-9261-555DDE22F7EC}.Debug|Any CPU.Build.0 = Debug|Any CPU
		{4DC159A9-9E4D-4CC1-9261-555DDE22F7EC}.Debug|x64.ActiveCfg = Debug|Any CPU
		{4DC159A9-9E4D-4CC1-9261-555DDE22F7EC}.Debug|x64.Build.0 = Debug|Any CPU
		{4DC159A9-9E4D-4CC1-9261-555DDE22F7EC}.Debug|x86.ActiveCfg = Debug|Any CPU
		{4DC159A9-9E4D-4CC1-9261-555DDE22F7EC}.Debug|x86.Build.0 = Debug|Any CPU
		{4DC159A9-9E4D-4CC1-9261-555DDE22F7EC}.DebugNoAE|Any CPU.ActiveCfg = DebugNoAE|Any CPU
		{4DC159A9-9E4D-4CC1-9261-555DDE22F7EC}.DebugNoAE|Any CPU.Build.0 = DebugNoAE|Any CPU
		{4DC159A9-9E4D-4CC1-9261-555DDE22F7EC}.DebugNoAE|x64.ActiveCfg = DebugNoAE|Any CPU
		{4DC159A9-9E4D-4CC1-9261-555DDE22F7EC}.DebugNoAE|x64.Build.0 = DebugNoAE|Any CPU
		{4DC159A9-9E4D-4CC1-9261-555DDE22F7EC}.DebugNoAE|x86.ActiveCfg = DebugNoAE|Any CPU
		{4DC159A9-9E4D-4CC1-9261-555DDE22F7EC}.DebugNoAE|x86.Build.0 = DebugNoAE|Any CPU
		{4DC159A9-9E4D-4CC1-9261-555DDE22F7EC}.Release|Any CPU.ActiveCfg = Release|Any CPU
		{4DC159A9-9E4D-4CC1-9261-555DDE22F7EC}.Release|Any CPU.Build.0 = Release|Any CPU
		{4DC159A9-9E4D-4CC1-9261-555DDE22F7EC}.Release|x64.ActiveCfg = Release|Any CPU
		{4DC159A9-9E4D-4CC1-9261-555DDE22F7EC}.Release|x64.Build.0 = Release|Any CPU
		{4DC159A9-9E4D-4CC1-9261-555DDE22F7EC}.Release|x86.ActiveCfg = Release|Any CPU
		{4DC159A9-9E4D-4CC1-9261-555DDE22F7EC}.Release|x86.Build.0 = Release|Any CPU
		{282A1B38-8DF7-4D86-9010-F43686F223EE}.Debug|Any CPU.ActiveCfg = Debug|Any CPU
		{282A1B38-8DF7-4D86-9010-F43686F223EE}.Debug|Any CPU.Build.0 = Debug|Any CPU
		{282A1B38-8DF7-4D86-9010-F43686F223EE}.Debug|x64.ActiveCfg = Debug|Any CPU
		{282A1B38-8DF7-4D86-9010-F43686F223EE}.Debug|x64.Build.0 = Debug|Any CPU
		{282A1B38-8DF7-4D86-9010-F43686F223EE}.Debug|x86.ActiveCfg = Debug|Any CPU
		{282A1B38-8DF7-4D86-9010-F43686F223EE}.Debug|x86.Build.0 = Debug|Any CPU
		{282A1B38-8DF7-4D86-9010-F43686F223EE}.DebugNoAE|Any CPU.ActiveCfg = DebugNoAE|Any CPU
		{282A1B38-8DF7-4D86-9010-F43686F223EE}.DebugNoAE|Any CPU.Build.0 = DebugNoAE|Any CPU
		{282A1B38-8DF7-4D86-9010-F43686F223EE}.DebugNoAE|x64.ActiveCfg = DebugNoAE|Any CPU
		{282A1B38-8DF7-4D86-9010-F43686F223EE}.DebugNoAE|x64.Build.0 = DebugNoAE|Any CPU
		{282A1B38-8DF7-4D86-9010-F43686F223EE}.DebugNoAE|x86.ActiveCfg = DebugNoAE|Any CPU
		{282A1B38-8DF7-4D86-9010-F43686F223EE}.DebugNoAE|x86.Build.0 = DebugNoAE|Any CPU
		{282A1B38-8DF7-4D86-9010-F43686F223EE}.Release|Any CPU.ActiveCfg = Release|Any CPU
		{282A1B38-8DF7-4D86-9010-F43686F223EE}.Release|Any CPU.Build.0 = Release|Any CPU
		{282A1B38-8DF7-4D86-9010-F43686F223EE}.Release|x64.ActiveCfg = Release|Any CPU
		{282A1B38-8DF7-4D86-9010-F43686F223EE}.Release|x64.Build.0 = Release|Any CPU
		{282A1B38-8DF7-4D86-9010-F43686F223EE}.Release|x86.ActiveCfg = Release|Any CPU
		{282A1B38-8DF7-4D86-9010-F43686F223EE}.Release|x86.Build.0 = Release|Any CPU
		{291E6E1A-345C-43D8-99EB-EA2FBE80B7E8}.Debug|Any CPU.ActiveCfg = Debug|Any CPU
		{291E6E1A-345C-43D8-99EB-EA2FBE80B7E8}.Debug|Any CPU.Build.0 = Debug|Any CPU
		{291E6E1A-345C-43D8-99EB-EA2FBE80B7E8}.Debug|x64.ActiveCfg = Debug|Any CPU
		{291E6E1A-345C-43D8-99EB-EA2FBE80B7E8}.Debug|x64.Build.0 = Debug|Any CPU
		{291E6E1A-345C-43D8-99EB-EA2FBE80B7E8}.Debug|x86.ActiveCfg = Debug|Any CPU
		{291E6E1A-345C-43D8-99EB-EA2FBE80B7E8}.Debug|x86.Build.0 = Debug|Any CPU
		{291E6E1A-345C-43D8-99EB-EA2FBE80B7E8}.DebugNoAE|Any CPU.ActiveCfg = DebugNoAE|Any CPU
		{291E6E1A-345C-43D8-99EB-EA2FBE80B7E8}.DebugNoAE|Any CPU.Build.0 = DebugNoAE|Any CPU
		{291E6E1A-345C-43D8-99EB-EA2FBE80B7E8}.DebugNoAE|x64.ActiveCfg = DebugNoAE|Any CPU
		{291E6E1A-345C-43D8-99EB-EA2FBE80B7E8}.DebugNoAE|x64.Build.0 = DebugNoAE|Any CPU
		{291E6E1A-345C-43D8-99EB-EA2FBE80B7E8}.DebugNoAE|x86.ActiveCfg = DebugNoAE|Any CPU
		{291E6E1A-345C-43D8-99EB-EA2FBE80B7E8}.DebugNoAE|x86.Build.0 = DebugNoAE|Any CPU
		{291E6E1A-345C-43D8-99EB-EA2FBE80B7E8}.Release|Any CPU.ActiveCfg = Release|Any CPU
		{291E6E1A-345C-43D8-99EB-EA2FBE80B7E8}.Release|Any CPU.Build.0 = Release|Any CPU
		{291E6E1A-345C-43D8-99EB-EA2FBE80B7E8}.Release|x64.ActiveCfg = Release|Any CPU
		{291E6E1A-345C-43D8-99EB-EA2FBE80B7E8}.Release|x64.Build.0 = Release|Any CPU
		{291E6E1A-345C-43D8-99EB-EA2FBE80B7E8}.Release|x86.ActiveCfg = Release|Any CPU
		{291E6E1A-345C-43D8-99EB-EA2FBE80B7E8}.Release|x86.Build.0 = Release|Any CPU
		{6288B0FC-C9AC-44B0-B318-85AA11CDE3A9}.Debug|Any CPU.ActiveCfg = Debug|Any CPU
		{6288B0FC-C9AC-44B0-B318-85AA11CDE3A9}.Debug|Any CPU.Build.0 = Debug|Any CPU
		{6288B0FC-C9AC-44B0-B318-85AA11CDE3A9}.Debug|x64.ActiveCfg = Debug|Any CPU
		{6288B0FC-C9AC-44B0-B318-85AA11CDE3A9}.Debug|x64.Build.0 = Debug|Any CPU
		{6288B0FC-C9AC-44B0-B318-85AA11CDE3A9}.Debug|x86.ActiveCfg = Debug|Any CPU
		{6288B0FC-C9AC-44B0-B318-85AA11CDE3A9}.Debug|x86.Build.0 = Debug|Any CPU
		{6288B0FC-C9AC-44B0-B318-85AA11CDE3A9}.DebugNoAE|Any CPU.ActiveCfg = DebugNoAE|Any CPU
		{6288B0FC-C9AC-44B0-B318-85AA11CDE3A9}.DebugNoAE|Any CPU.Build.0 = DebugNoAE|Any CPU
		{6288B0FC-C9AC-44B0-B318-85AA11CDE3A9}.DebugNoAE|x64.ActiveCfg = DebugNoAE|Any CPU
		{6288B0FC-C9AC-44B0-B318-85AA11CDE3A9}.DebugNoAE|x64.Build.0 = DebugNoAE|Any CPU
		{6288B0FC-C9AC-44B0-B318-85AA11CDE3A9}.DebugNoAE|x86.ActiveCfg = DebugNoAE|Any CPU
		{6288B0FC-C9AC-44B0-B318-85AA11CDE3A9}.DebugNoAE|x86.Build.0 = DebugNoAE|Any CPU
		{6288B0FC-C9AC-44B0-B318-85AA11CDE3A9}.Release|Any CPU.ActiveCfg = Release|Any CPU
		{6288B0FC-C9AC-44B0-B318-85AA11CDE3A9}.Release|Any CPU.Build.0 = Release|Any CPU
		{6288B0FC-C9AC-44B0-B318-85AA11CDE3A9}.Release|x64.ActiveCfg = Release|Any CPU
		{6288B0FC-C9AC-44B0-B318-85AA11CDE3A9}.Release|x64.Build.0 = Release|Any CPU
		{6288B0FC-C9AC-44B0-B318-85AA11CDE3A9}.Release|x86.ActiveCfg = Release|Any CPU
		{6288B0FC-C9AC-44B0-B318-85AA11CDE3A9}.Release|x86.Build.0 = Release|Any CPU
		{708837B5-2247-400B-82C3-6764EA5EB430}.Debug|Any CPU.ActiveCfg = Debug|Any CPU
		{708837B5-2247-400B-82C3-6764EA5EB430}.Debug|Any CPU.Build.0 = Debug|Any CPU
		{708837B5-2247-400B-82C3-6764EA5EB430}.Debug|x64.ActiveCfg = Debug|Any CPU
		{708837B5-2247-400B-82C3-6764EA5EB430}.Debug|x64.Build.0 = Debug|Any CPU
		{708837B5-2247-400B-82C3-6764EA5EB430}.Debug|x86.ActiveCfg = Debug|Any CPU
		{708837B5-2247-400B-82C3-6764EA5EB430}.Debug|x86.Build.0 = Debug|Any CPU
		{708837B5-2247-400B-82C3-6764EA5EB430}.DebugNoAE|Any CPU.ActiveCfg = DebugNoAE|Any CPU
		{708837B5-2247-400B-82C3-6764EA5EB430}.DebugNoAE|Any CPU.Build.0 = DebugNoAE|Any CPU
		{708837B5-2247-400B-82C3-6764EA5EB430}.DebugNoAE|x64.ActiveCfg = DebugNoAE|Any CPU
		{708837B5-2247-400B-82C3-6764EA5EB430}.DebugNoAE|x64.Build.0 = DebugNoAE|Any CPU
		{708837B5-2247-400B-82C3-6764EA5EB430}.DebugNoAE|x86.ActiveCfg = DebugNoAE|Any CPU
		{708837B5-2247-400B-82C3-6764EA5EB430}.DebugNoAE|x86.Build.0 = DebugNoAE|Any CPU
		{708837B5-2247-400B-82C3-6764EA5EB430}.Release|Any CPU.ActiveCfg = Release|Any CPU
		{708837B5-2247-400B-82C3-6764EA5EB430}.Release|Any CPU.Build.0 = Release|Any CPU
		{708837B5-2247-400B-82C3-6764EA5EB430}.Release|x64.ActiveCfg = Release|Any CPU
		{708837B5-2247-400B-82C3-6764EA5EB430}.Release|x64.Build.0 = Release|Any CPU
		{708837B5-2247-400B-82C3-6764EA5EB430}.Release|x86.ActiveCfg = Release|Any CPU
		{708837B5-2247-400B-82C3-6764EA5EB430}.Release|x86.Build.0 = Release|Any CPU
		{A0D23EA8-B25C-4594-835D-444A9F8A50BD}.Debug|Any CPU.ActiveCfg = Debug|Any CPU
		{A0D23EA8-B25C-4594-835D-444A9F8A50BD}.Debug|Any CPU.Build.0 = Debug|Any CPU
		{A0D23EA8-B25C-4594-835D-444A9F8A50BD}.Debug|x64.ActiveCfg = Debug|Any CPU
		{A0D23EA8-B25C-4594-835D-444A9F8A50BD}.Debug|x64.Build.0 = Debug|Any CPU
		{A0D23EA8-B25C-4594-835D-444A9F8A50BD}.Debug|x86.ActiveCfg = Debug|Any CPU
		{A0D23EA8-B25C-4594-835D-444A9F8A50BD}.Debug|x86.Build.0 = Debug|Any CPU
		{A0D23EA8-B25C-4594-835D-444A9F8A50BD}.DebugNoAE|Any CPU.ActiveCfg = DebugNoAE|Any CPU
		{A0D23EA8-B25C-4594-835D-444A9F8A50BD}.DebugNoAE|Any CPU.Build.0 = DebugNoAE|Any CPU
		{A0D23EA8-B25C-4594-835D-444A9F8A50BD}.DebugNoAE|x64.ActiveCfg = DebugNoAE|Any CPU
		{A0D23EA8-B25C-4594-835D-444A9F8A50BD}.DebugNoAE|x64.Build.0 = DebugNoAE|Any CPU
		{A0D23EA8-B25C-4594-835D-444A9F8A50BD}.DebugNoAE|x86.ActiveCfg = DebugNoAE|Any CPU
		{A0D23EA8-B25C-4594-835D-444A9F8A50BD}.DebugNoAE|x86.Build.0 = DebugNoAE|Any CPU
		{A0D23EA8-B25C-4594-835D-444A9F8A50BD}.Release|Any CPU.ActiveCfg = Release|Any CPU
		{A0D23EA8-B25C-4594-835D-444A9F8A50BD}.Release|Any CPU.Build.0 = Release|Any CPU
		{A0D23EA8-B25C-4594-835D-444A9F8A50BD}.Release|x64.ActiveCfg = Release|Any CPU
		{A0D23EA8-B25C-4594-835D-444A9F8A50BD}.Release|x64.Build.0 = Release|Any CPU
		{A0D23EA8-B25C-4594-835D-444A9F8A50BD}.Release|x86.ActiveCfg = Release|Any CPU
		{A0D23EA8-B25C-4594-835D-444A9F8A50BD}.Release|x86.Build.0 = Release|Any CPU
		{E2EF1F23-81BF-420E-9402-11623DAB8A85}.Debug|Any CPU.ActiveCfg = Debug|Any CPU
		{E2EF1F23-81BF-420E-9402-11623DAB8A85}.Debug|Any CPU.Build.0 = Debug|Any CPU
		{E2EF1F23-81BF-420E-9402-11623DAB8A85}.Debug|x64.ActiveCfg = Debug|Any CPU
		{E2EF1F23-81BF-420E-9402-11623DAB8A85}.Debug|x64.Build.0 = Debug|Any CPU
		{E2EF1F23-81BF-420E-9402-11623DAB8A85}.Debug|x86.ActiveCfg = Debug|Any CPU
		{E2EF1F23-81BF-420E-9402-11623DAB8A85}.Debug|x86.Build.0 = Debug|Any CPU
		{E2EF1F23-81BF-420E-9402-11623DAB8A85}.DebugNoAE|Any CPU.ActiveCfg = DebugNoAE|Any CPU
		{E2EF1F23-81BF-420E-9402-11623DAB8A85}.DebugNoAE|Any CPU.Build.0 = DebugNoAE|Any CPU
		{E2EF1F23-81BF-420E-9402-11623DAB8A85}.DebugNoAE|x64.ActiveCfg = DebugNoAE|Any CPU
		{E2EF1F23-81BF-420E-9402-11623DAB8A85}.DebugNoAE|x64.Build.0 = DebugNoAE|Any CPU
		{E2EF1F23-81BF-420E-9402-11623DAB8A85}.DebugNoAE|x86.ActiveCfg = DebugNoAE|Any CPU
		{E2EF1F23-81BF-420E-9402-11623DAB8A85}.DebugNoAE|x86.Build.0 = DebugNoAE|Any CPU
		{E2EF1F23-81BF-420E-9402-11623DAB8A85}.Release|Any CPU.ActiveCfg = Release|Any CPU
		{E2EF1F23-81BF-420E-9402-11623DAB8A85}.Release|Any CPU.Build.0 = Release|Any CPU
		{E2EF1F23-81BF-420E-9402-11623DAB8A85}.Release|x64.ActiveCfg = Release|Any CPU
		{E2EF1F23-81BF-420E-9402-11623DAB8A85}.Release|x64.Build.0 = Release|Any CPU
		{E2EF1F23-81BF-420E-9402-11623DAB8A85}.Release|x86.ActiveCfg = Release|Any CPU
		{E2EF1F23-81BF-420E-9402-11623DAB8A85}.Release|x86.Build.0 = Release|Any CPU
		{2C9DE810-B3F1-4894-B018-A0B7FE0DDA8A}.Debug|Any CPU.ActiveCfg = Debug|Any CPU
		{2C9DE810-B3F1-4894-B018-A0B7FE0DDA8A}.Debug|Any CPU.Build.0 = Debug|Any CPU
		{2C9DE810-B3F1-4894-B018-A0B7FE0DDA8A}.Debug|x64.ActiveCfg = Debug|Any CPU
		{2C9DE810-B3F1-4894-B018-A0B7FE0DDA8A}.Debug|x64.Build.0 = Debug|Any CPU
		{2C9DE810-B3F1-4894-B018-A0B7FE0DDA8A}.Debug|x86.ActiveCfg = Debug|Any CPU
		{2C9DE810-B3F1-4894-B018-A0B7FE0DDA8A}.Debug|x86.Build.0 = Debug|Any CPU
		{2C9DE810-B3F1-4894-B018-A0B7FE0DDA8A}.DebugNoAE|Any CPU.ActiveCfg = DebugNoAE|Any CPU
		{2C9DE810-B3F1-4894-B018-A0B7FE0DDA8A}.DebugNoAE|Any CPU.Build.0 = DebugNoAE|Any CPU
		{2C9DE810-B3F1-4894-B018-A0B7FE0DDA8A}.DebugNoAE|x64.ActiveCfg = DebugNoAE|Any CPU
		{2C9DE810-B3F1-4894-B018-A0B7FE0DDA8A}.DebugNoAE|x64.Build.0 = DebugNoAE|Any CPU
		{2C9DE810-B3F1-4894-B018-A0B7FE0DDA8A}.DebugNoAE|x86.ActiveCfg = DebugNoAE|Any CPU
		{2C9DE810-B3F1-4894-B018-A0B7FE0DDA8A}.DebugNoAE|x86.Build.0 = DebugNoAE|Any CPU
		{2C9DE810-B3F1-4894-B018-A0B7FE0DDA8A}.Release|Any CPU.ActiveCfg = Release|Any CPU
		{2C9DE810-B3F1-4894-B018-A0B7FE0DDA8A}.Release|Any CPU.Build.0 = Release|Any CPU
		{2C9DE810-B3F1-4894-B018-A0B7FE0DDA8A}.Release|x64.ActiveCfg = Release|Any CPU
		{2C9DE810-B3F1-4894-B018-A0B7FE0DDA8A}.Release|x64.Build.0 = Release|Any CPU
		{2C9DE810-B3F1-4894-B018-A0B7FE0DDA8A}.Release|x86.ActiveCfg = Release|Any CPU
		{2C9DE810-B3F1-4894-B018-A0B7FE0DDA8A}.Release|x86.Build.0 = Release|Any CPU
		{E4556DF7-510A-41A8-B74F-E3E3740E2288}.Debug|Any CPU.ActiveCfg = Debug|Any CPU
		{E4556DF7-510A-41A8-B74F-E3E3740E2288}.Debug|Any CPU.Build.0 = Debug|Any CPU
		{E4556DF7-510A-41A8-B74F-E3E3740E2288}.Debug|x64.ActiveCfg = Debug|Any CPU
		{E4556DF7-510A-41A8-B74F-E3E3740E2288}.Debug|x64.Build.0 = Debug|Any CPU
		{E4556DF7-510A-41A8-B74F-E3E3740E2288}.Debug|x86.ActiveCfg = Debug|Any CPU
		{E4556DF7-510A-41A8-B74F-E3E3740E2288}.Debug|x86.Build.0 = Debug|Any CPU
		{E4556DF7-510A-41A8-B74F-E3E3740E2288}.DebugNoAE|Any CPU.ActiveCfg = DebugNoAE|Any CPU
		{E4556DF7-510A-41A8-B74F-E3E3740E2288}.DebugNoAE|Any CPU.Build.0 = DebugNoAE|Any CPU
		{E4556DF7-510A-41A8-B74F-E3E3740E2288}.DebugNoAE|x64.ActiveCfg = Debug|Any CPU
		{E4556DF7-510A-41A8-B74F-E3E3740E2288}.DebugNoAE|x64.Build.0 = Debug|Any CPU
		{E4556DF7-510A-41A8-B74F-E3E3740E2288}.DebugNoAE|x86.ActiveCfg = Debug|Any CPU
		{E4556DF7-510A-41A8-B74F-E3E3740E2288}.DebugNoAE|x86.Build.0 = Debug|Any CPU
		{E4556DF7-510A-41A8-B74F-E3E3740E2288}.Release|Any CPU.ActiveCfg = Release|Any CPU
		{E4556DF7-510A-41A8-B74F-E3E3740E2288}.Release|Any CPU.Build.0 = Release|Any CPU
		{E4556DF7-510A-41A8-B74F-E3E3740E2288}.Release|x64.ActiveCfg = Release|Any CPU
		{E4556DF7-510A-41A8-B74F-E3E3740E2288}.Release|x64.Build.0 = Release|Any CPU
		{E4556DF7-510A-41A8-B74F-E3E3740E2288}.Release|x86.ActiveCfg = Release|Any CPU
		{E4556DF7-510A-41A8-B74F-E3E3740E2288}.Release|x86.Build.0 = Release|Any CPU
		{77348C58-12F3-41C7-B781-A0F7F0EF4AD0}.Debug|Any CPU.ActiveCfg = Debug|Any CPU
		{77348C58-12F3-41C7-B781-A0F7F0EF4AD0}.Debug|Any CPU.Build.0 = Debug|Any CPU
		{77348C58-12F3-41C7-B781-A0F7F0EF4AD0}.Debug|x64.ActiveCfg = Debug|Any CPU
		{77348C58-12F3-41C7-B781-A0F7F0EF4AD0}.Debug|x64.Build.0 = Debug|Any CPU
		{77348C58-12F3-41C7-B781-A0F7F0EF4AD0}.Debug|x86.ActiveCfg = Debug|Any CPU
		{77348C58-12F3-41C7-B781-A0F7F0EF4AD0}.Debug|x86.Build.0 = Debug|Any CPU
		{77348C58-12F3-41C7-B781-A0F7F0EF4AD0}.DebugNoAE|Any CPU.ActiveCfg = DebugNoAE|Any CPU
		{77348C58-12F3-41C7-B781-A0F7F0EF4AD0}.DebugNoAE|Any CPU.Build.0 = DebugNoAE|Any CPU
		{77348C58-12F3-41C7-B781-A0F7F0EF4AD0}.DebugNoAE|x64.ActiveCfg = Debug|Any CPU
		{77348C58-12F3-41C7-B781-A0F7F0EF4AD0}.DebugNoAE|x64.Build.0 = Debug|Any CPU
		{77348C58-12F3-41C7-B781-A0F7F0EF4AD0}.DebugNoAE|x86.ActiveCfg = Debug|Any CPU
		{77348C58-12F3-41C7-B781-A0F7F0EF4AD0}.DebugNoAE|x86.Build.0 = Debug|Any CPU
		{77348C58-12F3-41C7-B781-A0F7F0EF4AD0}.Release|Any CPU.ActiveCfg = Release|Any CPU
		{77348C58-12F3-41C7-B781-A0F7F0EF4AD0}.Release|Any CPU.Build.0 = Release|Any CPU
		{77348C58-12F3-41C7-B781-A0F7F0EF4AD0}.Release|x64.ActiveCfg = Release|Any CPU
		{77348C58-12F3-41C7-B781-A0F7F0EF4AD0}.Release|x64.Build.0 = Release|Any CPU
		{77348C58-12F3-41C7-B781-A0F7F0EF4AD0}.Release|x86.ActiveCfg = Release|Any CPU
		{77348C58-12F3-41C7-B781-A0F7F0EF4AD0}.Release|x86.Build.0 = Release|Any CPU
		{7FE4D418-9BAE-4F5B-8031-E73F14AD6C53}.Debug|Any CPU.ActiveCfg = Debug|Any CPU
		{7FE4D418-9BAE-4F5B-8031-E73F14AD6C53}.Debug|Any CPU.Build.0 = Debug|Any CPU
		{7FE4D418-9BAE-4F5B-8031-E73F14AD6C53}.Debug|x64.ActiveCfg = Debug|Any CPU
		{7FE4D418-9BAE-4F5B-8031-E73F14AD6C53}.Debug|x64.Build.0 = Debug|Any CPU
		{7FE4D418-9BAE-4F5B-8031-E73F14AD6C53}.Debug|x86.ActiveCfg = Debug|Any CPU
		{7FE4D418-9BAE-4F5B-8031-E73F14AD6C53}.Debug|x86.Build.0 = Debug|Any CPU
		{7FE4D418-9BAE-4F5B-8031-E73F14AD6C53}.DebugNoAE|Any CPU.ActiveCfg = DebugNoAE|Any CPU
		{7FE4D418-9BAE-4F5B-8031-E73F14AD6C53}.DebugNoAE|Any CPU.Build.0 = DebugNoAE|Any CPU
		{7FE4D418-9BAE-4F5B-8031-E73F14AD6C53}.DebugNoAE|x64.ActiveCfg = DebugNoAE|Any CPU
		{7FE4D418-9BAE-4F5B-8031-E73F14AD6C53}.DebugNoAE|x64.Build.0 = DebugNoAE|Any CPU
		{7FE4D418-9BAE-4F5B-8031-E73F14AD6C53}.DebugNoAE|x86.ActiveCfg = DebugNoAE|Any CPU
		{7FE4D418-9BAE-4F5B-8031-E73F14AD6C53}.DebugNoAE|x86.Build.0 = DebugNoAE|Any CPU
		{7FE4D418-9BAE-4F5B-8031-E73F14AD6C53}.Release|Any CPU.ActiveCfg = Release|Any CPU
		{7FE4D418-9BAE-4F5B-8031-E73F14AD6C53}.Release|Any CPU.Build.0 = Release|Any CPU
		{7FE4D418-9BAE-4F5B-8031-E73F14AD6C53}.Release|x64.ActiveCfg = Release|Any CPU
		{7FE4D418-9BAE-4F5B-8031-E73F14AD6C53}.Release|x64.Build.0 = Release|Any CPU
		{7FE4D418-9BAE-4F5B-8031-E73F14AD6C53}.Release|x86.ActiveCfg = Release|Any CPU
		{7FE4D418-9BAE-4F5B-8031-E73F14AD6C53}.Release|x86.Build.0 = Release|Any CPU
		{765F2CF9-A103-4642-A4DA-4985E655FD61}.Debug|Any CPU.ActiveCfg = Debug|Any CPU
		{765F2CF9-A103-4642-A4DA-4985E655FD61}.Debug|Any CPU.Build.0 = Debug|Any CPU
		{765F2CF9-A103-4642-A4DA-4985E655FD61}.Debug|x64.ActiveCfg = Debug|Any CPU
		{765F2CF9-A103-4642-A4DA-4985E655FD61}.Debug|x64.Build.0 = Debug|Any CPU
		{765F2CF9-A103-4642-A4DA-4985E655FD61}.Debug|x86.ActiveCfg = Debug|Any CPU
		{765F2CF9-A103-4642-A4DA-4985E655FD61}.Debug|x86.Build.0 = Debug|Any CPU
		{765F2CF9-A103-4642-A4DA-4985E655FD61}.DebugNoAE|Any CPU.ActiveCfg = DebugNoAE|Any CPU
		{765F2CF9-A103-4642-A4DA-4985E655FD61}.DebugNoAE|Any CPU.Build.0 = DebugNoAE|Any CPU
		{765F2CF9-A103-4642-A4DA-4985E655FD61}.DebugNoAE|x64.ActiveCfg = Debug|Any CPU
		{765F2CF9-A103-4642-A4DA-4985E655FD61}.DebugNoAE|x64.Build.0 = Debug|Any CPU
		{765F2CF9-A103-4642-A4DA-4985E655FD61}.DebugNoAE|x86.ActiveCfg = Debug|Any CPU
		{765F2CF9-A103-4642-A4DA-4985E655FD61}.DebugNoAE|x86.Build.0 = Debug|Any CPU
		{765F2CF9-A103-4642-A4DA-4985E655FD61}.Release|Any CPU.ActiveCfg = Release|Any CPU
		{765F2CF9-A103-4642-A4DA-4985E655FD61}.Release|Any CPU.Build.0 = Release|Any CPU
		{765F2CF9-A103-4642-A4DA-4985E655FD61}.Release|x64.ActiveCfg = Release|Any CPU
		{765F2CF9-A103-4642-A4DA-4985E655FD61}.Release|x64.Build.0 = Release|Any CPU
		{765F2CF9-A103-4642-A4DA-4985E655FD61}.Release|x86.ActiveCfg = Release|Any CPU
		{765F2CF9-A103-4642-A4DA-4985E655FD61}.Release|x86.Build.0 = Release|Any CPU
		{F2C0F92C-E54C-4C71-8DBD-357A507BB084}.Debug|Any CPU.ActiveCfg = Debug|x86
		{F2C0F92C-E54C-4C71-8DBD-357A507BB084}.Debug|Any CPU.Build.0 = Debug|x86
		{F2C0F92C-E54C-4C71-8DBD-357A507BB084}.Debug|x64.ActiveCfg = Debug|x86
		{F2C0F92C-E54C-4C71-8DBD-357A507BB084}.Debug|x64.Build.0 = Debug|x86
		{F2C0F92C-E54C-4C71-8DBD-357A507BB084}.Debug|x86.ActiveCfg = Debug|x86
		{F2C0F92C-E54C-4C71-8DBD-357A507BB084}.Debug|x86.Build.0 = Debug|x86
		{F2C0F92C-E54C-4C71-8DBD-357A507BB084}.DebugNoAE|Any CPU.ActiveCfg = DebugNoAE|x86
		{F2C0F92C-E54C-4C71-8DBD-357A507BB084}.DebugNoAE|Any CPU.Build.0 = DebugNoAE|x86
		{F2C0F92C-E54C-4C71-8DBD-357A507BB084}.DebugNoAE|x64.ActiveCfg = Debug|x86
		{F2C0F92C-E54C-4C71-8DBD-357A507BB084}.DebugNoAE|x64.Build.0 = Debug|x86
		{F2C0F92C-E54C-4C71-8DBD-357A507BB084}.DebugNoAE|x86.ActiveCfg = Debug|x86
		{F2C0F92C-E54C-4C71-8DBD-357A507BB084}.DebugNoAE|x86.Build.0 = Debug|x86
		{F2C0F92C-E54C-4C71-8DBD-357A507BB084}.Release|Any CPU.ActiveCfg = Release|x86
		{F2C0F92C-E54C-4C71-8DBD-357A507BB084}.Release|Any CPU.Build.0 = Release|x86
		{F2C0F92C-E54C-4C71-8DBD-357A507BB084}.Release|x64.ActiveCfg = Release|x86
		{F2C0F92C-E54C-4C71-8DBD-357A507BB084}.Release|x86.ActiveCfg = Release|x86
		{F2C0F92C-E54C-4C71-8DBD-357A507BB084}.Release|x86.Build.0 = Release|x86
		{A959E98D-33BA-4CB0-BBAE-41137BBE619B}.Debug|Any CPU.ActiveCfg = Debug|x86
		{A959E98D-33BA-4CB0-BBAE-41137BBE619B}.Debug|Any CPU.Build.0 = Debug|x86
		{A959E98D-33BA-4CB0-BBAE-41137BBE619B}.Debug|x64.ActiveCfg = Debug|x86
		{A959E98D-33BA-4CB0-BBAE-41137BBE619B}.Debug|x64.Build.0 = Debug|x86
		{A959E98D-33BA-4CB0-BBAE-41137BBE619B}.Debug|x86.ActiveCfg = Debug|x86
		{A959E98D-33BA-4CB0-BBAE-41137BBE619B}.Debug|x86.Build.0 = Debug|x86
		{A959E98D-33BA-4CB0-BBAE-41137BBE619B}.DebugNoAE|Any CPU.ActiveCfg = DebugNoAE|x86
		{A959E98D-33BA-4CB0-BBAE-41137BBE619B}.DebugNoAE|Any CPU.Build.0 = DebugNoAE|x86
		{A959E98D-33BA-4CB0-BBAE-41137BBE619B}.DebugNoAE|x64.ActiveCfg = Debug|x86
		{A959E98D-33BA-4CB0-BBAE-41137BBE619B}.DebugNoAE|x64.Build.0 = Debug|x86
		{A959E98D-33BA-4CB0-BBAE-41137BBE619B}.DebugNoAE|x86.ActiveCfg = Debug|x86
		{A959E98D-33BA-4CB0-BBAE-41137BBE619B}.DebugNoAE|x86.Build.0 = Debug|x86
		{A959E98D-33BA-4CB0-BBAE-41137BBE619B}.Release|Any CPU.ActiveCfg = Release|x86
		{A959E98D-33BA-4CB0-BBAE-41137BBE619B}.Release|Any CPU.Build.0 = Release|x86
		{A959E98D-33BA-4CB0-BBAE-41137BBE619B}.Release|x64.ActiveCfg = Release|x86
		{A959E98D-33BA-4CB0-BBAE-41137BBE619B}.Release|x86.ActiveCfg = Release|x86
		{A959E98D-33BA-4CB0-BBAE-41137BBE619B}.Release|x86.Build.0 = Release|x86
		{37A95F5A-D745-4DD8-BE6E-D9F9DA294A1D}.Debug|Any CPU.ActiveCfg = Debug|x86
		{37A95F5A-D745-4DD8-BE6E-D9F9DA294A1D}.Debug|Any CPU.Build.0 = Debug|x86
		{37A95F5A-D745-4DD8-BE6E-D9F9DA294A1D}.Debug|x64.ActiveCfg = Debug|x86
		{37A95F5A-D745-4DD8-BE6E-D9F9DA294A1D}.Debug|x64.Build.0 = Debug|x86
		{37A95F5A-D745-4DD8-BE6E-D9F9DA294A1D}.Debug|x86.ActiveCfg = Debug|x86
		{37A95F5A-D745-4DD8-BE6E-D9F9DA294A1D}.Debug|x86.Build.0 = Debug|x86
		{37A95F5A-D745-4DD8-BE6E-D9F9DA294A1D}.DebugNoAE|Any CPU.ActiveCfg = DebugNoAE|x86
		{37A95F5A-D745-4DD8-BE6E-D9F9DA294A1D}.DebugNoAE|Any CPU.Build.0 = DebugNoAE|x86
		{37A95F5A-D745-4DD8-BE6E-D9F9DA294A1D}.DebugNoAE|x64.ActiveCfg = Debug|x86
		{37A95F5A-D745-4DD8-BE6E-D9F9DA294A1D}.DebugNoAE|x86.ActiveCfg = Debug|x86
		{37A95F5A-D745-4DD8-BE6E-D9F9DA294A1D}.DebugNoAE|x86.Build.0 = Debug|x86
		{37A95F5A-D745-4DD8-BE6E-D9F9DA294A1D}.Release|Any CPU.ActiveCfg = Release|x86
		{37A95F5A-D745-4DD8-BE6E-D9F9DA294A1D}.Release|Any CPU.Build.0 = Release|x86
		{37A95F5A-D745-4DD8-BE6E-D9F9DA294A1D}.Release|x64.ActiveCfg = Release|x86
		{37A95F5A-D745-4DD8-BE6E-D9F9DA294A1D}.Release|x86.ActiveCfg = Release|x86
		{37A95F5A-D745-4DD8-BE6E-D9F9DA294A1D}.Release|x86.Build.0 = Release|x86
		{69ECAB19-4F6B-4BC0-94FE-FB8C277671EC}.Debug|Any CPU.ActiveCfg = Debug|x86
		{69ECAB19-4F6B-4BC0-94FE-FB8C277671EC}.Debug|Any CPU.Build.0 = Debug|x86
		{69ECAB19-4F6B-4BC0-94FE-FB8C277671EC}.Debug|x64.ActiveCfg = Debug|x86
		{69ECAB19-4F6B-4BC0-94FE-FB8C277671EC}.Debug|x64.Build.0 = Debug|x86
		{69ECAB19-4F6B-4BC0-94FE-FB8C277671EC}.Debug|x86.ActiveCfg = Debug|x86
		{69ECAB19-4F6B-4BC0-94FE-FB8C277671EC}.Debug|x86.Build.0 = Debug|x86
		{69ECAB19-4F6B-4BC0-94FE-FB8C277671EC}.DebugNoAE|Any CPU.ActiveCfg = DebugNoAE|x86
		{69ECAB19-4F6B-4BC0-94FE-FB8C277671EC}.DebugNoAE|Any CPU.Build.0 = DebugNoAE|x86
		{69ECAB19-4F6B-4BC0-94FE-FB8C277671EC}.DebugNoAE|x64.ActiveCfg = Debug|x86
		{69ECAB19-4F6B-4BC0-94FE-FB8C277671EC}.DebugNoAE|x86.ActiveCfg = Debug|x86
		{69ECAB19-4F6B-4BC0-94FE-FB8C277671EC}.DebugNoAE|x86.Build.0 = Debug|x86
		{69ECAB19-4F6B-4BC0-94FE-FB8C277671EC}.Release|Any CPU.ActiveCfg = Release|x86
		{69ECAB19-4F6B-4BC0-94FE-FB8C277671EC}.Release|Any CPU.Build.0 = Release|x86
		{69ECAB19-4F6B-4BC0-94FE-FB8C277671EC}.Release|x64.ActiveCfg = Release|x86
		{69ECAB19-4F6B-4BC0-94FE-FB8C277671EC}.Release|x86.ActiveCfg = Release|x86
		{69ECAB19-4F6B-4BC0-94FE-FB8C277671EC}.Release|x86.Build.0 = Release|x86
		{FB7B317C-2D4F-421D-9380-72BF49773D68}.Debug|Any CPU.ActiveCfg = Debug|x86
		{FB7B317C-2D4F-421D-9380-72BF49773D68}.Debug|Any CPU.Build.0 = Debug|x86
		{FB7B317C-2D4F-421D-9380-72BF49773D68}.Debug|x64.ActiveCfg = Debug|x86
		{FB7B317C-2D4F-421D-9380-72BF49773D68}.Debug|x64.Build.0 = Debug|x86
		{FB7B317C-2D4F-421D-9380-72BF49773D68}.Debug|x86.ActiveCfg = Debug|x86
		{FB7B317C-2D4F-421D-9380-72BF49773D68}.Debug|x86.Build.0 = Debug|x86
		{FB7B317C-2D4F-421D-9380-72BF49773D68}.DebugNoAE|Any CPU.ActiveCfg = DebugNoAE|x86
		{FB7B317C-2D4F-421D-9380-72BF49773D68}.DebugNoAE|Any CPU.Build.0 = DebugNoAE|x86
		{FB7B317C-2D4F-421D-9380-72BF49773D68}.DebugNoAE|x64.ActiveCfg = Debug|x86
		{FB7B317C-2D4F-421D-9380-72BF49773D68}.DebugNoAE|x86.ActiveCfg = Debug|x86
		{FB7B317C-2D4F-421D-9380-72BF49773D68}.DebugNoAE|x86.Build.0 = Debug|x86
		{FB7B317C-2D4F-421D-9380-72BF49773D68}.Release|Any CPU.ActiveCfg = Release|x86
		{FB7B317C-2D4F-421D-9380-72BF49773D68}.Release|Any CPU.Build.0 = Release|x86
		{FB7B317C-2D4F-421D-9380-72BF49773D68}.Release|x64.ActiveCfg = Release|x86
		{FB7B317C-2D4F-421D-9380-72BF49773D68}.Release|x86.ActiveCfg = Release|x86
		{FB7B317C-2D4F-421D-9380-72BF49773D68}.Release|x86.Build.0 = Release|x86
		{DC082C73-6D40-4B47-B3D7-CE6E0B406C82}.Debug|Any CPU.ActiveCfg = Debug|Any CPU
		{DC082C73-6D40-4B47-B3D7-CE6E0B406C82}.Debug|Any CPU.Build.0 = Debug|Any CPU
		{DC082C73-6D40-4B47-B3D7-CE6E0B406C82}.Debug|x64.ActiveCfg = Debug|Any CPU
		{DC082C73-6D40-4B47-B3D7-CE6E0B406C82}.Debug|x64.Build.0 = Debug|Any CPU
		{DC082C73-6D40-4B47-B3D7-CE6E0B406C82}.Debug|x86.ActiveCfg = Debug|Any CPU
		{DC082C73-6D40-4B47-B3D7-CE6E0B406C82}.Debug|x86.Build.0 = Debug|Any CPU
		{DC082C73-6D40-4B47-B3D7-CE6E0B406C82}.DebugNoAE|Any CPU.ActiveCfg = DebugNoAE|Any CPU
		{DC082C73-6D40-4B47-B3D7-CE6E0B406C82}.DebugNoAE|Any CPU.Build.0 = DebugNoAE|Any CPU
		{DC082C73-6D40-4B47-B3D7-CE6E0B406C82}.DebugNoAE|x64.ActiveCfg = Debug|Any CPU
		{DC082C73-6D40-4B47-B3D7-CE6E0B406C82}.DebugNoAE|x64.Build.0 = Debug|Any CPU
		{DC082C73-6D40-4B47-B3D7-CE6E0B406C82}.DebugNoAE|x86.ActiveCfg = Debug|Any CPU
		{DC082C73-6D40-4B47-B3D7-CE6E0B406C82}.DebugNoAE|x86.Build.0 = Debug|Any CPU
		{DC082C73-6D40-4B47-B3D7-CE6E0B406C82}.Release|Any CPU.ActiveCfg = Release|Any CPU
		{DC082C73-6D40-4B47-B3D7-CE6E0B406C82}.Release|Any CPU.Build.0 = Release|Any CPU
		{DC082C73-6D40-4B47-B3D7-CE6E0B406C82}.Release|x64.ActiveCfg = Release|Any CPU
		{DC082C73-6D40-4B47-B3D7-CE6E0B406C82}.Release|x64.Build.0 = Release|Any CPU
		{DC082C73-6D40-4B47-B3D7-CE6E0B406C82}.Release|x86.ActiveCfg = Release|Any CPU
		{DC082C73-6D40-4B47-B3D7-CE6E0B406C82}.Release|x86.Build.0 = Release|Any CPU
		{BD451349-3CA1-4918-9A79-86EA94E9D18C}.Debug|Any CPU.ActiveCfg = Debug|Any CPU
		{BD451349-3CA1-4918-9A79-86EA94E9D18C}.Debug|Any CPU.Build.0 = Debug|Any CPU
		{BD451349-3CA1-4918-9A79-86EA94E9D18C}.Debug|x64.ActiveCfg = Debug|Any CPU
		{BD451349-3CA1-4918-9A79-86EA94E9D18C}.Debug|x64.Build.0 = Debug|Any CPU
		{BD451349-3CA1-4918-9A79-86EA94E9D18C}.Debug|x86.ActiveCfg = Debug|Any CPU
		{BD451349-3CA1-4918-9A79-86EA94E9D18C}.Debug|x86.Build.0 = Debug|Any CPU
		{BD451349-3CA1-4918-9A79-86EA94E9D18C}.DebugNoAE|Any CPU.ActiveCfg = DebugNoAE|Any CPU
		{BD451349-3CA1-4918-9A79-86EA94E9D18C}.DebugNoAE|Any CPU.Build.0 = DebugNoAE|Any CPU
		{BD451349-3CA1-4918-9A79-86EA94E9D18C}.DebugNoAE|x64.ActiveCfg = Debug|Any CPU
		{BD451349-3CA1-4918-9A79-86EA94E9D18C}.DebugNoAE|x64.Build.0 = Debug|Any CPU
		{BD451349-3CA1-4918-9A79-86EA94E9D18C}.DebugNoAE|x86.ActiveCfg = Debug|Any CPU
		{BD451349-3CA1-4918-9A79-86EA94E9D18C}.DebugNoAE|x86.Build.0 = Debug|Any CPU
		{BD451349-3CA1-4918-9A79-86EA94E9D18C}.Release|Any CPU.ActiveCfg = Release|Any CPU
		{BD451349-3CA1-4918-9A79-86EA94E9D18C}.Release|Any CPU.Build.0 = Release|Any CPU
		{BD451349-3CA1-4918-9A79-86EA94E9D18C}.Release|x64.ActiveCfg = Release|Any CPU
		{BD451349-3CA1-4918-9A79-86EA94E9D18C}.Release|x64.Build.0 = Release|Any CPU
		{BD451349-3CA1-4918-9A79-86EA94E9D18C}.Release|x86.ActiveCfg = Release|Any CPU
		{BD451349-3CA1-4918-9A79-86EA94E9D18C}.Release|x86.Build.0 = Release|Any CPU
		{CEE910A8-B7B5-4135-AAC6-8A8B28BE7133}.Debug|Any CPU.ActiveCfg = Debug|Any CPU
		{CEE910A8-B7B5-4135-AAC6-8A8B28BE7133}.Debug|Any CPU.Build.0 = Debug|Any CPU
		{CEE910A8-B7B5-4135-AAC6-8A8B28BE7133}.Debug|x64.ActiveCfg = Debug|Any CPU
		{CEE910A8-B7B5-4135-AAC6-8A8B28BE7133}.Debug|x64.Build.0 = Debug|Any CPU
		{CEE910A8-B7B5-4135-AAC6-8A8B28BE7133}.Debug|x86.ActiveCfg = Debug|Any CPU
		{CEE910A8-B7B5-4135-AAC6-8A8B28BE7133}.Debug|x86.Build.0 = Debug|Any CPU
		{CEE910A8-B7B5-4135-AAC6-8A8B28BE7133}.DebugNoAE|Any CPU.ActiveCfg = DebugNoAE|Any CPU
		{CEE910A8-B7B5-4135-AAC6-8A8B28BE7133}.DebugNoAE|Any CPU.Build.0 = DebugNoAE|Any CPU
		{CEE910A8-B7B5-4135-AAC6-8A8B28BE7133}.DebugNoAE|x64.ActiveCfg = DebugNoAE|Any CPU
		{CEE910A8-B7B5-4135-AAC6-8A8B28BE7133}.DebugNoAE|x64.Build.0 = DebugNoAE|Any CPU
		{CEE910A8-B7B5-4135-AAC6-8A8B28BE7133}.DebugNoAE|x86.ActiveCfg = DebugNoAE|Any CPU
		{CEE910A8-B7B5-4135-AAC6-8A8B28BE7133}.DebugNoAE|x86.Build.0 = DebugNoAE|Any CPU
		{CEE910A8-B7B5-4135-AAC6-8A8B28BE7133}.Release|Any CPU.ActiveCfg = Release|Any CPU
		{CEE910A8-B7B5-4135-AAC6-8A8B28BE7133}.Release|Any CPU.Build.0 = Release|Any CPU
		{CEE910A8-B7B5-4135-AAC6-8A8B28BE7133}.Release|x64.ActiveCfg = Release|Any CPU
		{CEE910A8-B7B5-4135-AAC6-8A8B28BE7133}.Release|x64.Build.0 = Release|Any CPU
		{CEE910A8-B7B5-4135-AAC6-8A8B28BE7133}.Release|x86.ActiveCfg = Release|Any CPU
		{CEE910A8-B7B5-4135-AAC6-8A8B28BE7133}.Release|x86.Build.0 = Release|Any CPU
		{4F2B39CC-4B77-42CD-994D-60AF46D30633}.Debug|Any CPU.ActiveCfg = Debug|x86
		{4F2B39CC-4B77-42CD-994D-60AF46D30633}.Debug|Any CPU.Build.0 = Debug|x86
		{4F2B39CC-4B77-42CD-994D-60AF46D30633}.Debug|x64.ActiveCfg = Debug|x86
		{4F2B39CC-4B77-42CD-994D-60AF46D30633}.Debug|x86.ActiveCfg = Debug|x86
		{4F2B39CC-4B77-42CD-994D-60AF46D30633}.Debug|x86.Build.0 = Debug|x86
		{4F2B39CC-4B77-42CD-994D-60AF46D30633}.DebugNoAE|Any CPU.ActiveCfg = DebugNoAE|x86
		{4F2B39CC-4B77-42CD-994D-60AF46D30633}.DebugNoAE|x64.ActiveCfg = DebugNoAE|x86
		{4F2B39CC-4B77-42CD-994D-60AF46D30633}.DebugNoAE|x86.ActiveCfg = DebugNoAE|x86
		{4F2B39CC-4B77-42CD-994D-60AF46D30633}.DebugNoAE|x86.Build.0 = DebugNoAE|x86
		{4F2B39CC-4B77-42CD-994D-60AF46D30633}.Release|Any CPU.ActiveCfg = Release|x86
		{4F2B39CC-4B77-42CD-994D-60AF46D30633}.Release|Any CPU.Build.0 = Release|x86
		{4F2B39CC-4B77-42CD-994D-60AF46D30633}.Release|x64.ActiveCfg = Release|x86
		{4F2B39CC-4B77-42CD-994D-60AF46D30633}.Release|x86.ActiveCfg = Release|x86
		{4F2B39CC-4B77-42CD-994D-60AF46D30633}.Release|x86.Build.0 = Release|x86
		{9FB482F1-558A-4EC7-BE1F-9F3586215ABA}.Debug|Any CPU.ActiveCfg = Debug|Any CPU
		{9FB482F1-558A-4EC7-BE1F-9F3586215ABA}.Debug|Any CPU.Build.0 = Debug|Any CPU
		{9FB482F1-558A-4EC7-BE1F-9F3586215ABA}.Debug|x64.ActiveCfg = Debug|Any CPU
		{9FB482F1-558A-4EC7-BE1F-9F3586215ABA}.Debug|x64.Build.0 = Debug|Any CPU
		{9FB482F1-558A-4EC7-BE1F-9F3586215ABA}.Debug|x86.ActiveCfg = Debug|Any CPU
		{9FB482F1-558A-4EC7-BE1F-9F3586215ABA}.Debug|x86.Build.0 = Debug|Any CPU
		{9FB482F1-558A-4EC7-BE1F-9F3586215ABA}.DebugNoAE|Any CPU.ActiveCfg = DebugNoAE|Any CPU
		{9FB482F1-558A-4EC7-BE1F-9F3586215ABA}.DebugNoAE|Any CPU.Build.0 = DebugNoAE|Any CPU
		{9FB482F1-558A-4EC7-BE1F-9F3586215ABA}.DebugNoAE|x64.ActiveCfg = DebugNoAE|Any CPU
		{9FB482F1-558A-4EC7-BE1F-9F3586215ABA}.DebugNoAE|x64.Build.0 = DebugNoAE|Any CPU
		{9FB482F1-558A-4EC7-BE1F-9F3586215ABA}.DebugNoAE|x86.ActiveCfg = DebugNoAE|Any CPU
		{9FB482F1-558A-4EC7-BE1F-9F3586215ABA}.DebugNoAE|x86.Build.0 = DebugNoAE|Any CPU
		{9FB482F1-558A-4EC7-BE1F-9F3586215ABA}.Release|Any CPU.ActiveCfg = Release|Any CPU
		{9FB482F1-558A-4EC7-BE1F-9F3586215ABA}.Release|Any CPU.Build.0 = Release|Any CPU
		{9FB482F1-558A-4EC7-BE1F-9F3586215ABA}.Release|x64.ActiveCfg = Release|Any CPU
		{9FB482F1-558A-4EC7-BE1F-9F3586215ABA}.Release|x64.Build.0 = Release|Any CPU
		{9FB482F1-558A-4EC7-BE1F-9F3586215ABA}.Release|x86.ActiveCfg = Release|Any CPU
		{9FB482F1-558A-4EC7-BE1F-9F3586215ABA}.Release|x86.Build.0 = Release|Any CPU
		{78502083-BEE0-4531-851A-37D653ABCCFD}.Debug|Any CPU.ActiveCfg = Debug|x86
		{78502083-BEE0-4531-851A-37D653ABCCFD}.Debug|Any CPU.Build.0 = Debug|x86
		{78502083-BEE0-4531-851A-37D653ABCCFD}.Debug|x64.ActiveCfg = Debug|x86
		{78502083-BEE0-4531-851A-37D653ABCCFD}.Debug|x86.ActiveCfg = Debug|x86
		{78502083-BEE0-4531-851A-37D653ABCCFD}.Debug|x86.Build.0 = Debug|x86
		{78502083-BEE0-4531-851A-37D653ABCCFD}.DebugNoAE|Any CPU.ActiveCfg = DebugNoAE|x86
		{78502083-BEE0-4531-851A-37D653ABCCFD}.DebugNoAE|x64.ActiveCfg = DebugNoAE|x86
		{78502083-BEE0-4531-851A-37D653ABCCFD}.DebugNoAE|x86.ActiveCfg = DebugNoAE|x86
		{78502083-BEE0-4531-851A-37D653ABCCFD}.DebugNoAE|x86.Build.0 = DebugNoAE|x86
		{78502083-BEE0-4531-851A-37D653ABCCFD}.Release|Any CPU.ActiveCfg = Release|x86
		{78502083-BEE0-4531-851A-37D653ABCCFD}.Release|Any CPU.Build.0 = Release|x86
		{78502083-BEE0-4531-851A-37D653ABCCFD}.Release|x64.ActiveCfg = Release|x86
		{78502083-BEE0-4531-851A-37D653ABCCFD}.Release|x86.ActiveCfg = Release|x86
		{78502083-BEE0-4531-851A-37D653ABCCFD}.Release|x86.Build.0 = Release|x86
		{5E17379B-67BC-443E-9B1F-83F398B487A7}.Debug|Any CPU.ActiveCfg = Debug|Any CPU
		{5E17379B-67BC-443E-9B1F-83F398B487A7}.Debug|Any CPU.Build.0 = Debug|Any CPU
		{5E17379B-67BC-443E-9B1F-83F398B487A7}.Debug|x64.ActiveCfg = Debug|Any CPU
		{5E17379B-67BC-443E-9B1F-83F398B487A7}.Debug|x64.Build.0 = Debug|Any CPU
		{5E17379B-67BC-443E-9B1F-83F398B487A7}.Debug|x86.ActiveCfg = Debug|Any CPU
		{5E17379B-67BC-443E-9B1F-83F398B487A7}.Debug|x86.Build.0 = Debug|Any CPU
		{5E17379B-67BC-443E-9B1F-83F398B487A7}.DebugNoAE|Any CPU.ActiveCfg = Debug|Any CPU
		{5E17379B-67BC-443E-9B1F-83F398B487A7}.DebugNoAE|Any CPU.Build.0 = Debug|Any CPU
		{5E17379B-67BC-443E-9B1F-83F398B487A7}.DebugNoAE|x64.ActiveCfg = Debug|Any CPU
		{5E17379B-67BC-443E-9B1F-83F398B487A7}.DebugNoAE|x64.Build.0 = Debug|Any CPU
		{5E17379B-67BC-443E-9B1F-83F398B487A7}.DebugNoAE|x86.ActiveCfg = Debug|Any CPU
		{5E17379B-67BC-443E-9B1F-83F398B487A7}.DebugNoAE|x86.Build.0 = Debug|Any CPU
		{5E17379B-67BC-443E-9B1F-83F398B487A7}.Release|Any CPU.ActiveCfg = Release|Any CPU
		{5E17379B-67BC-443E-9B1F-83F398B487A7}.Release|Any CPU.Build.0 = Release|Any CPU
		{5E17379B-67BC-443E-9B1F-83F398B487A7}.Release|x64.ActiveCfg = Release|Any CPU
		{5E17379B-67BC-443E-9B1F-83F398B487A7}.Release|x64.Build.0 = Release|Any CPU
		{5E17379B-67BC-443E-9B1F-83F398B487A7}.Release|x86.ActiveCfg = Release|Any CPU
		{5E17379B-67BC-443E-9B1F-83F398B487A7}.Release|x86.Build.0 = Release|Any CPU
		{8E77D8E9-31B5-4C66-85AD-1A098FF08E1A}.Debug|Any CPU.ActiveCfg = Debug|Any CPU
		{8E77D8E9-31B5-4C66-85AD-1A098FF08E1A}.Debug|Any CPU.Build.0 = Debug|Any CPU
		{8E77D8E9-31B5-4C66-85AD-1A098FF08E1A}.Debug|x64.ActiveCfg = Debug|Any CPU
		{8E77D8E9-31B5-4C66-85AD-1A098FF08E1A}.Debug|x64.Build.0 = Debug|Any CPU
		{8E77D8E9-31B5-4C66-85AD-1A098FF08E1A}.Debug|x86.ActiveCfg = Debug|Any CPU
		{8E77D8E9-31B5-4C66-85AD-1A098FF08E1A}.Debug|x86.Build.0 = Debug|Any CPU
		{8E77D8E9-31B5-4C66-85AD-1A098FF08E1A}.DebugNoAE|Any CPU.ActiveCfg = Debug|Any CPU
		{8E77D8E9-31B5-4C66-85AD-1A098FF08E1A}.DebugNoAE|Any CPU.Build.0 = Debug|Any CPU
		{8E77D8E9-31B5-4C66-85AD-1A098FF08E1A}.DebugNoAE|x64.ActiveCfg = Debug|Any CPU
		{8E77D8E9-31B5-4C66-85AD-1A098FF08E1A}.DebugNoAE|x64.Build.0 = Debug|Any CPU
		{8E77D8E9-31B5-4C66-85AD-1A098FF08E1A}.DebugNoAE|x86.ActiveCfg = Debug|Any CPU
		{8E77D8E9-31B5-4C66-85AD-1A098FF08E1A}.DebugNoAE|x86.Build.0 = Debug|Any CPU
		{8E77D8E9-31B5-4C66-85AD-1A098FF08E1A}.Release|Any CPU.ActiveCfg = Release|Any CPU
		{8E77D8E9-31B5-4C66-85AD-1A098FF08E1A}.Release|Any CPU.Build.0 = Release|Any CPU
		{8E77D8E9-31B5-4C66-85AD-1A098FF08E1A}.Release|x64.ActiveCfg = Release|Any CPU
		{8E77D8E9-31B5-4C66-85AD-1A098FF08E1A}.Release|x64.Build.0 = Release|Any CPU
		{8E77D8E9-31B5-4C66-85AD-1A098FF08E1A}.Release|x86.ActiveCfg = Release|Any CPU
		{8E77D8E9-31B5-4C66-85AD-1A098FF08E1A}.Release|x86.Build.0 = Release|Any CPU
	EndGlobalSection
	GlobalSection(SolutionProperties) = preSolution
		HideSolutionNode = FALSE
	EndGlobalSection
	GlobalSection(NestedProjects) = preSolution
		{DB197C5C-66E4-4F1D-9109-0E792164AEE9} = {91C96821-2F8D-44EC-9979-433BCE3D29DA}
		{F29ADBA9-EBA5-4D7C-ACBD-A93125561E1F} = {91C96821-2F8D-44EC-9979-433BCE3D29DA}
		{282A1B38-8DF7-4D86-9010-F43686F223EE} = {91C96821-2F8D-44EC-9979-433BCE3D29DA}
		{6288B0FC-C9AC-44B0-B318-85AA11CDE3A9} = {91C96821-2F8D-44EC-9979-433BCE3D29DA}
		{E2EF1F23-81BF-420E-9402-11623DAB8A85} = {91C96821-2F8D-44EC-9979-433BCE3D29DA}
		{77348C58-12F3-41C7-B781-A0F7F0EF4AD0} = {91C96821-2F8D-44EC-9979-433BCE3D29DA}
		{7FE4D418-9BAE-4F5B-8031-E73F14AD6C53} = {91C96821-2F8D-44EC-9979-433BCE3D29DA}
		{765F2CF9-A103-4642-A4DA-4985E655FD61} = {91C96821-2F8D-44EC-9979-433BCE3D29DA}
		{CEE910A8-B7B5-4135-AAC6-8A8B28BE7133} = {91C96821-2F8D-44EC-9979-433BCE3D29DA}
		{4F2B39CC-4B77-42CD-994D-60AF46D30633} = {91C96821-2F8D-44EC-9979-433BCE3D29DA}
		{9FB482F1-558A-4EC7-BE1F-9F3586215ABA} = {91C96821-2F8D-44EC-9979-433BCE3D29DA}
		{78502083-BEE0-4531-851A-37D653ABCCFD} = {91C96821-2F8D-44EC-9979-433BCE3D29DA}
	EndGlobalSection
	GlobalSection(ExtensibilityGlobals) = postSolution
		SolutionGuid = {C5580C15-09D9-4217-A5F8-2C7DF384BAAD}
	EndGlobalSection
EndGlobal
